
Microsoft Visual Studio Solution File, Format Version 12.00
# Visual Studio Version 16
VisualStudioVersion = 16.0.29503.13
MinimumVisualStudioVersion = 10.0.40219.1
Project("{FAE04EC0-301F-11D3-BF4B-00C04F79EFBC}") = "NoteBoard.Model", "NoteBoard.Model\NoteBoard.Model.csproj", "{9D50BAE0-792A-4342-8EE8-80E71EF21588}"
EndProject
Project("{FAE04EC0-301F-11D3-BF4B-00C04F79EFBC}") = "NoteBoard.DAL", "NoteBoard.DAL\NoteBoard.DAL.csproj", "{A45A42DD-D37C-491E-93E2-5FE8D50EE0ED}"
EndProject
Global
	GlobalSection(SolutionConfigurationPlatforms) = preSolution
		Debug|Any CPU = Debug|Any CPU
		Release|Any CPU = Release|Any CPU
	EndGlobalSection
	GlobalSection(ProjectConfigurationPlatforms) = postSolution
		{9D50BAE0-792A-4342-8EE8-80E71EF21588}.Debug|Any CPU.ActiveCfg = Debug|Any CPU
		{9D50BAE0-792A-4342-8EE8-80E71EF21588}.Debug|Any CPU.Build.0 = Debug|Any CPU
		{9D50BAE0-792A-4342-8EE8-80E71EF21588}.Release|Any CPU.ActiveCfg = Release|Any CPU
		{9D50BAE0-792A-4342-8EE8-80E71EF21588}.Release|Any CPU.Build.0 = Release|Any CPU
		{A45A42DD-D37C-491E-93E2-5FE8D50EE0ED}.Debug|Any CPU.ActiveCfg = Debug|Any CPU
		{A45A42DD-D37C-491E-93E2-5FE8D50EE0ED}.Debug|Any CPU.Build.0 = Debug|Any CPU
		{A45A42DD-D37C-491E-93E2-5FE8D50EE0ED}.Release|Any CPU.ActiveCfg = Release|Any CPU
		{A45A42DD-D37C-491E-93E2-5FE8D50EE0ED}.Release|Any CPU.Build.0 = Release|Any CPU
	EndGlobalSection
	GlobalSection(SolutionProperties) = preSolution
		HideSolutionNode = FALSE
	EndGlobalSection
	GlobalSection(ExtensibilityGlobals) = postSolution
		SolutionGuid = {5F541397-B2E7-4366-8923-00F65B814183}
	EndGlobalSection
EndGlobal
